// !$*UTF8*$!
{
	archiveVersion = 1;
	classes = {
	};
	objectVersion = 56;
	objects = {

/* Begin PBXBuildFile section */
		C71F4C622D9D2FB900028B72 /* AppDelegate.swift in Sources */ = {isa = PBXBuildFile; fileRef = C71F4C612D9D2FB900028B72 /* AppDelegate.swift */; };
		C71F4C642D9D2FBA00028B72 /* SceneDelegate.swift in Sources */ = {isa = PBXBuildFile; fileRef = C71F4C632D9D2FBA00028B72 /* SceneDelegate.swift */; };
		C71F4C662D9D2FBA00028B72 /* NoFriendViewController.swift in Sources */ = {isa = PBXBuildFile; fileRef = C71F4C652D9D2FBA00028B72 /* NoFriendViewController.swift */; };
		C71F4C692D9D2FBA00028B72 /* Base in Resources */ = {isa = PBXBuildFile; fileRef = C71F4C682D9D2FBA00028B72 /* Base */; };
		C71F4C6C2D9D2FBA00028B72 /* CubeHomeWork.xcdatamodeld in Sources */ = {isa = PBXBuildFile; fileRef = C71F4C6A2D9D2FBA00028B72 /* CubeHomeWork.xcdatamodeld */; };
		C71F4C6E2D9D2FBB00028B72 /* Assets.xcassets in Resources */ = {isa = PBXBuildFile; fileRef = C71F4C6D2D9D2FBB00028B72 /* Assets.xcassets */; };
		C71F4C712D9D2FBB00028B72 /* Base in Resources */ = {isa = PBXBuildFile; fileRef = C71F4C702D9D2FBB00028B72 /* Base */; };
		C71F4C7C2D9D2FBB00028B72 /* CubeHomeWorkTests.swift in Sources */ = {isa = PBXBuildFile; fileRef = C71F4C7B2D9D2FBB00028B72 /* CubeHomeWorkTests.swift */; };
		C71F4C862D9D2FBB00028B72 /* CubeHomeWorkUITests.swift in Sources */ = {isa = PBXBuildFile; fileRef = C71F4C852D9D2FBB00028B72 /* CubeHomeWorkUITests.swift */; };
		C71F4C882D9D2FBB00028B72 /* CubeHomeWorkUITestsLaunchTests.swift in Sources */ = {isa = PBXBuildFile; fileRef = C71F4C872D9D2FBB00028B72 /* CubeHomeWorkUITestsLaunchTests.swift */; };
		C71F4C962D9D5A8800028B72 /* SnapKit in Frameworks */ = {isa = PBXBuildFile; productRef = C71F4C952D9D5A8800028B72 /* SnapKit */; };
		C71F4C982D9E3A8C00028B72 /* Model.swift in Sources */ = {isa = PBXBuildFile; fileRef = C71F4C972D9E3A8C00028B72 /* Model.swift */; };
		C71F4C9A2D9E3B8C00028B72 /* ApiManager.swift in Sources */ = {isa = PBXBuildFile; fileRef = C71F4C992D9E3B8C00028B72 /* ApiManager.swift */; };
		C71F4C9C2D9E48D600028B72 /* NoFriendViewModel.swift in Sources */ = {isa = PBXBuildFile; fileRef = C71F4C9B2D9E48D600028B72 /* NoFriendViewModel.swift */; };
		C71F4CA02D9EA2F300028B72 /* OnlyFriendListVC.swift in Sources */ = {isa = PBXBuildFile; fileRef = C71F4C9F2D9EA2F300028B72 /* OnlyFriendListVC.swift */; };
		C71F4CA22D9EAE4F00028B72 /* OnlyFriendListViewModel.swift in Sources */ = {isa = PBXBuildFile; fileRef = C71F4CA12D9EAE4F00028B72 /* OnlyFriendListViewModel.swift */; };
		C71F4CA42DA0238E00028B72 /* FriendAndInviteVC.swift in Sources */ = {isa = PBXBuildFile; fileRef = C71F4CA32DA0238E00028B72 /* FriendAndInviteVC.swift */; };
		C71F4CA62DA0461700028B72 /* FriendAndInviteViewModel.swift in Sources */ = {isa = PBXBuildFile; fileRef = C71F4CA52DA0461700028B72 /* FriendAndInviteViewModel.swift */; };
		C71F4CAA2DA0DB1900028B72 /* CustomInviteNavBar.swift in Sources */ = {isa = PBXBuildFile; fileRef = C71F4CA92DA0DB1900028B72 /* CustomInviteNavBar.swift */; };
		C71F4CAF2DA0E4EE00028B72 /* CustomNavBar.swift in Sources */ = {isa = PBXBuildFile; fileRef = C71F4CAE2DA0E4EE00028B72 /* CustomNavBar.swift */; };
		C71F4CB32DA0E57400028B72 /* NavBarCollectionViewCell.swift in Sources */ = {isa = PBXBuildFile; fileRef = C71F4CB22DA0E57400028B72 /* NavBarCollectionViewCell.swift */; };
		C71F4CB82DA0F61C00028B72 /* FriendListCell.swift in Sources */ = {isa = PBXBuildFile; fileRef = C71F4CB72DA0F61C00028B72 /* FriendListCell.swift */; };
		C71F4CBD2DA13BF000028B72 /* CategoryTabView.swift in Sources */ = {isa = PBXBuildFile; fileRef = C71F4CBC2DA13BF000028B72 /* CategoryTabView.swift */; };
		C71F4CBF2DA1411B00028B72 /* FriendListTableView.swift in Sources */ = {isa = PBXBuildFile; fileRef = C71F4CBE2DA1411B00028B72 /* FriendListTableView.swift */; };
		C71F4CC22DA1428900028B72 /* MJRefresh in Frameworks */ = {isa = PBXBuildFile; productRef = C71F4CC12DA1428900028B72 /* MJRefresh */; };
/* End PBXBuildFile section */

/* Begin PBXContainerItemProxy section */
		C71F4C782D9D2FBB00028B72 /* PBXContainerItemProxy */ = {
			isa = PBXContainerItemProxy;
			containerPortal = C71F4C562D9D2FB900028B72 /* Project object */;
			proxyType = 1;
			remoteGlobalIDString = C71F4C5D2D9D2FB900028B72;
			remoteInfo = CubeHomeWork;
		};
		C71F4C822D9D2FBB00028B72 /* PBXContainerItemProxy */ = {
			isa = PBXContainerItemProxy;
			containerPortal = C71F4C562D9D2FB900028B72 /* Project object */;
			proxyType = 1;
			remoteGlobalIDString = C71F4C5D2D9D2FB900028B72;
			remoteInfo = CubeHomeWork;
		};
/* End PBXContainerItemProxy section */

/* Begin PBXFileReference section */
		C71F4C5E2D9D2FB900028B72 /* CubeHomeWork.app */ = {isa = PBXFileReference; explicitFileType = wrapper.application; includeInIndex = 0; path = CubeHomeWork.app; sourceTree = BUILT_PRODUCTS_DIR; };
		C71F4C612D9D2FB900028B72 /* AppDelegate.swift */ = {isa = PBXFileReference; lastKnownFileType = sourcecode.swift; path = AppDelegate.swift; sourceTree = "<group>"; };
		C71F4C632D9D2FBA00028B72 /* SceneDelegate.swift */ = {isa = PBXFileReference; lastKnownFileType = sourcecode.swift; path = SceneDelegate.swift; sourceTree = "<group>"; };
		C71F4C652D9D2FBA00028B72 /* NoFriendViewController.swift */ = {isa = PBXFileReference; lastKnownFileType = sourcecode.swift; path = NoFriendViewController.swift; sourceTree = "<group>"; };
		C71F4C682D9D2FBA00028B72 /* Base */ = {isa = PBXFileReference; lastKnownFileType = file.storyboard; name = Base; path = Base.lproj/Main.storyboard; sourceTree = "<group>"; };
		C71F4C6B2D9D2FBA00028B72 /* CubeHomeWork.xcdatamodel */ = {isa = PBXFileReference; lastKnownFileType = wrapper.xcdatamodel; path = CubeHomeWork.xcdatamodel; sourceTree = "<group>"; };
		C71F4C6D2D9D2FBB00028B72 /* Assets.xcassets */ = {isa = PBXFileReference; lastKnownFileType = folder.assetcatalog; path = Assets.xcassets; sourceTree = "<group>"; };
		C71F4C702D9D2FBB00028B72 /* Base */ = {isa = PBXFileReference; lastKnownFileType = file.storyboard; name = Base; path = Base.lproj/LaunchScreen.storyboard; sourceTree = "<group>"; };
		C71F4C722D9D2FBB00028B72 /* Info.plist */ = {isa = PBXFileReference; lastKnownFileType = text.plist.xml; path = Info.plist; sourceTree = "<group>"; };
		C71F4C772D9D2FBB00028B72 /* CubeHomeWorkTests.xctest */ = {isa = PBXFileReference; explicitFileType = wrapper.cfbundle; includeInIndex = 0; path = CubeHomeWorkTests.xctest; sourceTree = BUILT_PRODUCTS_DIR; };
		C71F4C7B2D9D2FBB00028B72 /* CubeHomeWorkTests.swift */ = {isa = PBXFileReference; lastKnownFileType = sourcecode.swift; path = CubeHomeWorkTests.swift; sourceTree = "<group>"; };
		C71F4C812D9D2FBB00028B72 /* CubeHomeWorkUITests.xctest */ = {isa = PBXFileReference; explicitFileType = wrapper.cfbundle; includeInIndex = 0; path = CubeHomeWorkUITests.xctest; sourceTree = BUILT_PRODUCTS_DIR; };
		C71F4C852D9D2FBB00028B72 /* CubeHomeWorkUITests.swift */ = {isa = PBXFileReference; lastKnownFileType = sourcecode.swift; path = CubeHomeWorkUITests.swift; sourceTree = "<group>"; };
		C71F4C872D9D2FBB00028B72 /* CubeHomeWorkUITestsLaunchTests.swift */ = {isa = PBXFileReference; lastKnownFileType = sourcecode.swift; path = CubeHomeWorkUITestsLaunchTests.swift; sourceTree = "<group>"; };
		C71F4C972D9E3A8C00028B72 /* Model.swift */ = {isa = PBXFileReference; lastKnownFileType = sourcecode.swift; path = Model.swift; sourceTree = "<group>"; };
		C71F4C992D9E3B8C00028B72 /* ApiManager.swift */ = {isa = PBXFileReference; lastKnownFileType = sourcecode.swift; path = ApiManager.swift; sourceTree = "<group>"; };
		C71F4C9B2D9E48D600028B72 /* NoFriendViewModel.swift */ = {isa = PBXFileReference; lastKnownFileType = sourcecode.swift; path = NoFriendViewModel.swift; sourceTree = "<group>"; };
		C71F4C9F2D9EA2F300028B72 /* OnlyFriendListVC.swift */ = {isa = PBXFileReference; lastKnownFileType = sourcecode.swift; path = OnlyFriendListVC.swift; sourceTree = "<group>"; };
		C71F4CA12D9EAE4F00028B72 /* OnlyFriendListViewModel.swift */ = {isa = PBXFileReference; lastKnownFileType = sourcecode.swift; path = OnlyFriendListViewModel.swift; sourceTree = "<group>"; };
		C71F4CA32DA0238E00028B72 /* FriendAndInviteVC.swift */ = {isa = PBXFileReference; lastKnownFileType = sourcecode.swift; path = FriendAndInviteVC.swift; sourceTree = "<group>"; };
		C71F4CA52DA0461700028B72 /* FriendAndInviteViewModel.swift */ = {isa = PBXFileReference; lastKnownFileType = sourcecode.swift; path = FriendAndInviteViewModel.swift; sourceTree = "<group>"; };
		C71F4CA92DA0DB1900028B72 /* CustomInviteNavBar.swift */ = {isa = PBXFileReference; lastKnownFileType = sourcecode.swift; path = CustomInviteNavBar.swift; sourceTree = "<group>"; };
		C71F4CAE2DA0E4EE00028B72 /* CustomNavBar.swift */ = {isa = PBXFileReference; lastKnownFileType = sourcecode.swift; path = CustomNavBar.swift; sourceTree = "<group>"; };
		C71F4CB22DA0E57400028B72 /* NavBarCollectionViewCell.swift */ = {isa = PBXFileReference; lastKnownFileType = sourcecode.swift; path = NavBarCollectionViewCell.swift; sourceTree = "<group>"; };
		C71F4CB72DA0F61C00028B72 /* FriendListCell.swift */ = {isa = PBXFileReference; lastKnownFileType = sourcecode.swift; path = FriendListCell.swift; sourceTree = "<group>"; };
		C71F4CBC2DA13BF000028B72 /* CategoryTabView.swift */ = {isa = PBXFileReference; lastKnownFileType = sourcecode.swift; path = CategoryTabView.swift; sourceTree = "<group>"; };
		C71F4CBE2DA1411B00028B72 /* FriendListTableView.swift */ = {isa = PBXFileReference; lastKnownFileType = sourcecode.swift; path = FriendListTableView.swift; sourceTree = "<group>"; };
/* End PBXFileReference section */

/* Begin PBXFrameworksBuildPhase section */
		C71F4C5B2D9D2FB900028B72 /* Frameworks */ = {
			isa = PBXFrameworksBuildPhase;
			buildActionMask = 2147483647;
			files = (
				C71F4C962D9D5A8800028B72 /* SnapKit in Frameworks */,
				C71F4CC22DA1428900028B72 /* MJRefresh in Frameworks */,
			);
			runOnlyForDeploymentPostprocessing = 0;
		};
		C71F4C742D9D2FBB00028B72 /* Frameworks */ = {
			isa = PBXFrameworksBuildPhase;
			buildActionMask = 2147483647;
			files = (
			);
			runOnlyForDeploymentPostprocessing = 0;
		};
		C71F4C7E2D9D2FBB00028B72 /* Frameworks */ = {
			isa = PBXFrameworksBuildPhase;
			buildActionMask = 2147483647;
			files = (
			);
			runOnlyForDeploymentPostprocessing = 0;
		};
/* End PBXFrameworksBuildPhase section */

/* Begin PBXGroup section */
		C71F4C552D9D2FB900028B72 = {
			isa = PBXGroup;
			children = (
				C71F4C602D9D2FB900028B72 /* CubeHomeWork */,
				C71F4C7A2D9D2FBB00028B72 /* CubeHomeWorkTests */,
				C71F4C842D9D2FBB00028B72 /* CubeHomeWorkUITests */,
				C71F4C5F2D9D2FB900028B72 /* Products */,
			);
			sourceTree = "<group>";
		};
		C71F4C5F2D9D2FB900028B72 /* Products */ = {
			isa = PBXGroup;
			children = (
				C71F4C5E2D9D2FB900028B72 /* CubeHomeWork.app */,
				C71F4C772D9D2FBB00028B72 /* CubeHomeWorkTests.xctest */,
				C71F4C812D9D2FBB00028B72 /* CubeHomeWorkUITests.xctest */,
			);
			name = Products;
			sourceTree = "<group>";
		};
		C71F4C602D9D2FB900028B72 /* CubeHomeWork */ = {
			isa = PBXGroup;
			children = (
				C71F4C612D9D2FB900028B72 /* AppDelegate.swift */,
				C71F4C632D9D2FBA00028B72 /* SceneDelegate.swift */,
				C71F4CB42DA0E5B100028B72 /* View */,
				C71F4CAD2DA0E4C100028B72 /* Model */,
				C71F4CB52DA0E8C700028B72 /* ViewModel */,
				C71F4C672D9D2FBA00028B72 /* Main.storyboard */,
				C71F4C6D2D9D2FBB00028B72 /* Assets.xcassets */,
				C71F4C6F2D9D2FBB00028B72 /* LaunchScreen.storyboard */,
				C71F4C722D9D2FBB00028B72 /* Info.plist */,
				C71F4C6A2D9D2FBA00028B72 /* CubeHomeWork.xcdatamodeld */,
				C71F4CA72DA0DAE400028B72 /* FriendAndInvite */,
			);
			path = CubeHomeWork;
			sourceTree = "<group>";
		};
		C71F4C7A2D9D2FBB00028B72 /* CubeHomeWorkTests */ = {
			isa = PBXGroup;
			children = (
				C71F4C7B2D9D2FBB00028B72 /* CubeHomeWorkTests.swift */,
			);
			path = CubeHomeWorkTests;
			sourceTree = "<group>";
		};
		C71F4C842D9D2FBB00028B72 /* CubeHomeWorkUITests */ = {
			isa = PBXGroup;
			children = (
				C71F4C852D9D2FBB00028B72 /* CubeHomeWorkUITests.swift */,
				C71F4C872D9D2FBB00028B72 /* CubeHomeWorkUITestsLaunchTests.swift */,
			);
			path = CubeHomeWorkUITests;
			sourceTree = "<group>";
		};
		C71F4CA72DA0DAE400028B72 /* FriendAndInvite */ = {
			isa = PBXGroup;
			children = (
				C71F4CA82DA0DAF900028B72 /* Model */,
				C71F4CAC2DA0E43800028B72 /* View */,
				C71F4CAB2DA0E42000028B72 /* ViewModel */,
			);
			path = FriendAndInvite;
			sourceTree = "<group>";
		};
		C71F4CA82DA0DAF900028B72 /* Model */ = {
			isa = PBXGroup;
			children = (
			);
			path = Model;
			sourceTree = "<group>";
		};
		C71F4CAB2DA0E42000028B72 /* ViewModel */ = {
			isa = PBXGroup;
			children = (
			);
			path = ViewModel;
			sourceTree = "<group>";
		};
		C71F4CAC2DA0E43800028B72 /* View */ = {
			isa = PBXGroup;
			children = (
			);
			path = View;
			sourceTree = "<group>";
		};
		C71F4CAD2DA0E4C100028B72 /* Model */ = {
			isa = PBXGroup;
			children = (
				C71F4C972D9E3A8C00028B72 /* Model.swift */,
				C71F4C992D9E3B8C00028B72 /* ApiManager.swift */,
			);
			path = Model;
			sourceTree = "<group>";
		};
		C71F4CB42DA0E5B100028B72 /* View */ = {
			isa = PBXGroup;
			children = (
				C71F4CB92DA0F87900028B72 /* Cell */,
				C71F4CBA2DA0F8D000028B72 /* ViewController */,
				C71F4CBB2DA0FA4C00028B72 /* Navigationbar */,
				C71F4CBE2DA1411B00028B72 /* FriendListTableView.swift */,
			);
			path = View;
			sourceTree = "<group>";
		};
		C71F4CB52DA0E8C700028B72 /* ViewModel */ = {
			isa = PBXGroup;
			children = (
				C71F4C9B2D9E48D600028B72 /* NoFriendViewModel.swift */,
				C71F4CA12D9EAE4F00028B72 /* OnlyFriendListViewModel.swift */,
				C71F4CA52DA0461700028B72 /* FriendAndInviteViewModel.swift */,
			);
			path = ViewModel;
			sourceTree = "<group>";
		};
		C71F4CB92DA0F87900028B72 /* Cell */ = {
			isa = PBXGroup;
			children = (
				C71F4CB72DA0F61C00028B72 /* FriendListCell.swift */,
				C71F4CB22DA0E57400028B72 /* NavBarCollectionViewCell.swift */,
			);
			path = Cell;
			sourceTree = "<group>";
		};
		C71F4CBA2DA0F8D000028B72 /* ViewController */ = {
			isa = PBXGroup;
			children = (
				C71F4CA32DA0238E00028B72 /* FriendAndInviteVC.swift */,
				C71F4C652D9D2FBA00028B72 /* NoFriendViewController.swift */,
				C71F4C9F2D9EA2F300028B72 /* OnlyFriendListVC.swift */,
			);
			path = ViewController;
			sourceTree = "<group>";
		};
		C71F4CBB2DA0FA4C00028B72 /* Navigationbar */ = {
			isa = PBXGroup;
			children = (
				C71F4CAE2DA0E4EE00028B72 /* CustomNavBar.swift */,
				C71F4CA92DA0DB1900028B72 /* CustomInviteNavBar.swift */,
				C71F4CBC2DA13BF000028B72 /* CategoryTabView.swift */,
			);
			path = Navigationbar;
			sourceTree = "<group>";
		};
/* End PBXGroup section */

/* Begin PBXNativeTarget section */
		C71F4C5D2D9D2FB900028B72 /* CubeHomeWork */ = {
			isa = PBXNativeTarget;
			buildConfigurationList = C71F4C8B2D9D2FBB00028B72 /* Build configuration list for PBXNativeTarget "CubeHomeWork" */;
			buildPhases = (
				C71F4C5A2D9D2FB900028B72 /* Sources */,
				C71F4C5B2D9D2FB900028B72 /* Frameworks */,
				C71F4C5C2D9D2FB900028B72 /* Resources */,
			);
			buildRules = (
			);
			dependencies = (
			);
			name = CubeHomeWork;
			packageProductDependencies = (
				C71F4C952D9D5A8800028B72 /* SnapKit */,
				C71F4CC12DA1428900028B72 /* MJRefresh */,
			);
			productName = CubeHomeWork;
			productReference = C71F4C5E2D9D2FB900028B72 /* CubeHomeWork.app */;
			productType = "com.apple.product-type.application";
		};
		C71F4C762D9D2FBB00028B72 /* CubeHomeWorkTests */ = {
			isa = PBXNativeTarget;
			buildConfigurationList = C71F4C8E2D9D2FBB00028B72 /* Build configuration list for PBXNativeTarget "CubeHomeWorkTests" */;
			buildPhases = (
				C71F4C732D9D2FBB00028B72 /* Sources */,
				C71F4C742D9D2FBB00028B72 /* Frameworks */,
				C71F4C752D9D2FBB00028B72 /* Resources */,
			);
			buildRules = (
			);
			dependencies = (
				C71F4C792D9D2FBB00028B72 /* PBXTargetDependency */,
			);
			name = CubeHomeWorkTests;
			productName = CubeHomeWorkTests;
			productReference = C71F4C772D9D2FBB00028B72 /* CubeHomeWorkTests.xctest */;
			productType = "com.apple.product-type.bundle.unit-test";
		};
		C71F4C802D9D2FBB00028B72 /* CubeHomeWorkUITests */ = {
			isa = PBXNativeTarget;
			buildConfigurationList = C71F4C912D9D2FBB00028B72 /* Build configuration list for PBXNativeTarget "CubeHomeWorkUITests" */;
			buildPhases = (
				C71F4C7D2D9D2FBB00028B72 /* Sources */,
				C71F4C7E2D9D2FBB00028B72 /* Frameworks */,
				C71F4C7F2D9D2FBB00028B72 /* Resources */,
			);
			buildRules = (
			);
			dependencies = (
				C71F4C832D9D2FBB00028B72 /* PBXTargetDependency */,
			);
			name = CubeHomeWorkUITests;
			productName = CubeHomeWorkUITests;
			productReference = C71F4C812D9D2FBB00028B72 /* CubeHomeWorkUITests.xctest */;
			productType = "com.apple.product-type.bundle.ui-testing";
		};
/* End PBXNativeTarget section */

/* Begin PBXProject section */
		C71F4C562D9D2FB900028B72 /* Project object */ = {
			isa = PBXProject;
			attributes = {
				BuildIndependentTargetsInParallel = 1;
				LastSwiftUpdateCheck = 1530;
				LastUpgradeCheck = 1530;
				TargetAttributes = {
					C71F4C5D2D9D2FB900028B72 = {
						CreatedOnToolsVersion = 15.3;
					};
					C71F4C762D9D2FBB00028B72 = {
						CreatedOnToolsVersion = 15.3;
						TestTargetID = C71F4C5D2D9D2FB900028B72;
					};
					C71F4C802D9D2FBB00028B72 = {
						CreatedOnToolsVersion = 15.3;
						TestTargetID = C71F4C5D2D9D2FB900028B72;
					};
				};
			};
			buildConfigurationList = C71F4C592D9D2FB900028B72 /* Build configuration list for PBXProject "CubeHomeWork" */;
			compatibilityVersion = "Xcode 14.0";
			developmentRegion = en;
			hasScannedForEncodings = 0;
			knownRegions = (
				en,
				Base,
			);
			mainGroup = C71F4C552D9D2FB900028B72;
			packageReferences = (
				C71F4C942D9D5A8800028B72 /* XCRemoteSwiftPackageReference "SnapKit" */,
				C71F4CC02DA1428900028B72 /* XCRemoteSwiftPackageReference "MJRefresh" */,
			);
			productRefGroup = C71F4C5F2D9D2FB900028B72 /* Products */;
			projectDirPath = "";
			projectRoot = "";
			targets = (
				C71F4C5D2D9D2FB900028B72 /* CubeHomeWork */,
				C71F4C762D9D2FBB00028B72 /* CubeHomeWorkTests */,
				C71F4C802D9D2FBB00028B72 /* CubeHomeWorkUITests */,
			);
		};
/* End PBXProject section */

/* Begin PBXResourcesBuildPhase section */
		C71F4C5C2D9D2FB900028B72 /* Resources */ = {
			isa = PBXResourcesBuildPhase;
			buildActionMask = 2147483647;
			files = (
				C71F4C6E2D9D2FBB00028B72 /* Assets.xcassets in Resources */,
				C71F4C712D9D2FBB00028B72 /* Base in Resources */,
				C71F4C692D9D2FBA00028B72 /* Base in Resources */,
			);
			runOnlyForDeploymentPostprocessing = 0;
		};
		C71F4C752D9D2FBB00028B72 /* Resources */ = {
			isa = PBXResourcesBuildPhase;
			buildActionMask = 2147483647;
			files = (
			);
			runOnlyForDeploymentPostprocessing = 0;
		};
		C71F4C7F2D9D2FBB00028B72 /* Resources */ = {
			isa = PBXResourcesBuildPhase;
			buildActionMask = 2147483647;
			files = (
			);
			runOnlyForDeploymentPostprocessing = 0;
		};
/* End PBXResourcesBuildPhase section */

/* Begin PBXSourcesBuildPhase section */
		C71F4C5A2D9D2FB900028B72 /* Sources */ = {
			isa = PBXSourcesBuildPhase;
			buildActionMask = 2147483647;
			files = (
				C71F4CBF2DA1411B00028B72 /* FriendListTableView.swift in Sources */,
				C71F4CBD2DA13BF000028B72 /* CategoryTabView.swift in Sources */,
				C71F4CA02D9EA2F300028B72 /* OnlyFriendListVC.swift in Sources */,
				C71F4CAF2DA0E4EE00028B72 /* CustomNavBar.swift in Sources */,
				C71F4CA42DA0238E00028B72 /* FriendAndInviteVC.swift in Sources */,
				C71F4C9C2D9E48D600028B72 /* NoFriendViewModel.swift in Sources */,
				C71F4C982D9E3A8C00028B72 /* Model.swift in Sources */,
				C71F4C6C2D9D2FBA00028B72 /* CubeHomeWork.xcdatamodeld in Sources */,
				C71F4C662D9D2FBA00028B72 /* NoFriendViewController.swift in Sources */,
				C71F4CB82DA0F61C00028B72 /* FriendListCell.swift in Sources */,
				C71F4C622D9D2FB900028B72 /* AppDelegate.swift in Sources */,
				C71F4CAA2DA0DB1900028B72 /* CustomInviteNavBar.swift in Sources */,
				C71F4C9A2D9E3B8C00028B72 /* ApiManager.swift in Sources */,
				C71F4CA62DA0461700028B72 /* FriendAndInviteViewModel.swift in Sources */,
				C71F4C642D9D2FBA00028B72 /* SceneDelegate.swift in Sources */,
				C71F4CB32DA0E57400028B72 /* NavBarCollectionViewCell.swift in Sources */,
				C71F4CA22D9EAE4F00028B72 /* OnlyFriendListViewModel.swift in Sources */,
			);
			runOnlyForDeploymentPostprocessing = 0;
		};
		C71F4C732D9D2FBB00028B72 /* Sources */ = {
			isa = PBXSourcesBuildPhase;
			buildActionMask = 2147483647;
			files = (
				C71F4C7C2D9D2FBB00028B72 /* CubeHomeWorkTests.swift in Sources */,
			);
			runOnlyForDeploymentPostprocessing = 0;
		};
		C71F4C7D2D9D2FBB00028B72 /* Sources */ = {
			isa = PBXSourcesBuildPhase;
			buildActionMask = 2147483647;
			files = (
				C71F4C862D9D2FBB00028B72 /* CubeHomeWorkUITests.swift in Sources */,
				C71F4C882D9D2FBB00028B72 /* CubeHomeWorkUITestsLaunchTests.swift in Sources */,
			);
			runOnlyForDeploymentPostprocessing = 0;
		};
/* End PBXSourcesBuildPhase section */

/* Begin PBXTargetDependency section */
		C71F4C792D9D2FBB00028B72 /* PBXTargetDependency */ = {
			isa = PBXTargetDependency;
			target = C71F4C5D2D9D2FB900028B72 /* CubeHomeWork */;
			targetProxy = C71F4C782D9D2FBB00028B72 /* PBXContainerItemProxy */;
		};
		C71F4C832D9D2FBB00028B72 /* PBXTargetDependency */ = {
			isa = PBXTargetDependency;
			target = C71F4C5D2D9D2FB900028B72 /* CubeHomeWork */;
			targetProxy = C71F4C822D9D2FBB00028B72 /* PBXContainerItemProxy */;
		};
/* End PBXTargetDependency section */

/* Begin PBXVariantGroup section */
		C71F4C672D9D2FBA00028B72 /* Main.storyboard */ = {
			isa = PBXVariantGroup;
			children = (
				C71F4C682D9D2FBA00028B72 /* Base */,
			);
			name = Main.storyboard;
			sourceTree = "<group>";
		};
		C71F4C6F2D9D2FBB00028B72 /* LaunchScreen.storyboard */ = {
			isa = PBXVariantGroup;
			children = (
				C71F4C702D9D2FBB00028B72 /* Base */,
			);
			name = LaunchScreen.storyboard;
			sourceTree = "<group>";
		};
/* End PBXVariantGroup section */

/* Begin XCBuildConfiguration section */
		C71F4C892D9D2FBB00028B72 /* Debug */ = {
			isa = XCBuildConfiguration;
			buildSettings = {
				ALWAYS_SEARCH_USER_PATHS = NO;
				ASSETCATALOG_COMPILER_GENERATE_SWIFT_ASSET_SYMBOL_EXTENSIONS = YES;
				CLANG_ANALYZER_NONNULL = YES;
				CLANG_ANALYZER_NUMBER_OBJECT_CONVERSION = YES_AGGRESSIVE;
				CLANG_CXX_LANGUAGE_STANDARD = "gnu++20";
				CLANG_ENABLE_MODULES = YES;
				CLANG_ENABLE_OBJC_ARC = YES;
				CLANG_ENABLE_OBJC_WEAK = YES;
				CLANG_WARN_BLOCK_CAPTURE_AUTORELEASING = YES;
				CLANG_WARN_BOOL_CONVERSION = YES;
				CLANG_WARN_COMMA = YES;
				CLANG_WARN_CONSTANT_CONVERSION = YES;
				CLANG_WARN_DEPRECATED_OBJC_IMPLEMENTATIONS = YES;
				CLANG_WARN_DIRECT_OBJC_ISA_USAGE = YES_ERROR;
				CLANG_WARN_DOCUMENTATION_COMMENTS = YES;
				CLANG_WARN_EMPTY_BODY = YES;
				CLANG_WARN_ENUM_CONVERSION = YES;
				CLANG_WARN_INFINITE_RECURSION = YES;
				CLANG_WARN_INT_CONVERSION = YES;
				CLANG_WARN_NON_LITERAL_NULL_CONVERSION = YES;
				CLANG_WARN_OBJC_IMPLICIT_RETAIN_SELF = YES;
				CLANG_WARN_OBJC_LITERAL_CONVERSION = YES;
				CLANG_WARN_OBJC_ROOT_CLASS = YES_ERROR;
				CLANG_WARN_QUOTED_INCLUDE_IN_FRAMEWORK_HEADER = YES;
				CLANG_WARN_RANGE_LOOP_ANALYSIS = YES;
				CLANG_WARN_STRICT_PROTOTYPES = YES;
				CLANG_WARN_SUSPICIOUS_MOVE = YES;
				CLANG_WARN_UNGUARDED_AVAILABILITY = YES_AGGRESSIVE;
				CLANG_WARN_UNREACHABLE_CODE = YES;
				CLANG_WARN__DUPLICATE_METHOD_MATCH = YES;
				COPY_PHASE_STRIP = NO;
				DEBUG_INFORMATION_FORMAT = dwarf;
				ENABLE_STRICT_OBJC_MSGSEND = YES;
				ENABLE_TESTABILITY = YES;
				ENABLE_USER_SCRIPT_SANDBOXING = YES;
				GCC_C_LANGUAGE_STANDARD = gnu17;
				GCC_DYNAMIC_NO_PIC = NO;
				GCC_NO_COMMON_BLOCKS = YES;
				GCC_OPTIMIZATION_LEVEL = 0;
				GCC_PREPROCESSOR_DEFINITIONS = (
					"DEBUG=1",
					"$(inherited)",
				);
				GCC_WARN_64_TO_32_BIT_CONVERSION = YES;
				GCC_WARN_ABOUT_RETURN_TYPE = YES_ERROR;
				GCC_WARN_UNDECLARED_SELECTOR = YES;
				GCC_WARN_UNINITIALIZED_AUTOS = YES_AGGRESSIVE;
				GCC_WARN_UNUSED_FUNCTION = YES;
				GCC_WARN_UNUSED_VARIABLE = YES;
				IPHONEOS_DEPLOYMENT_TARGET = 17.4;
				LOCALIZATION_PREFERS_STRING_CATALOGS = YES;
				MTL_ENABLE_DEBUG_INFO = INCLUDE_SOURCE;
				MTL_FAST_MATH = YES;
				ONLY_ACTIVE_ARCH = YES;
				SDKROOT = iphoneos;
				SWIFT_ACTIVE_COMPILATION_CONDITIONS = "DEBUG $(inherited)";
				SWIFT_OPTIMIZATION_LEVEL = "-Onone";
			};
			name = Debug;
		};
		C71F4C8A2D9D2FBB00028B72 /* Release */ = {
			isa = XCBuildConfiguration;
			buildSettings = {
				ALWAYS_SEARCH_USER_PATHS = NO;
				ASSETCATALOG_COMPILER_GENERATE_SWIFT_ASSET_SYMBOL_EXTENSIONS = YES;
				CLANG_ANALYZER_NONNULL = YES;
				CLANG_ANALYZER_NUMBER_OBJECT_CONVERSION = YES_AGGRESSIVE;
				CLANG_CXX_LANGUAGE_STANDARD = "gnu++20";
				CLANG_ENABLE_MODULES = YES;
				CLANG_ENABLE_OBJC_ARC = YES;
				CLANG_ENABLE_OBJC_WEAK = YES;
				CLANG_WARN_BLOCK_CAPTURE_AUTORELEASING = YES;
				CLANG_WARN_BOOL_CONVERSION = YES;
				CLANG_WARN_COMMA = YES;
				CLANG_WARN_CONSTANT_CONVERSION = YES;
				CLANG_WARN_DEPRECATED_OBJC_IMPLEMENTATIONS = YES;
				CLANG_WARN_DIRECT_OBJC_ISA_USAGE = YES_ERROR;
				CLANG_WARN_DOCUMENTATION_COMMENTS = YES;
				CLANG_WARN_EMPTY_BODY = YES;
				CLANG_WARN_ENUM_CONVERSION = YES;
				CLANG_WARN_INFINITE_RECURSION = YES;
				CLANG_WARN_INT_CONVERSION = YES;
				CLANG_WARN_NON_LITERAL_NULL_CONVERSION = YES;
				CLANG_WARN_OBJC_IMPLICIT_RETAIN_SELF = YES;
				CLANG_WARN_OBJC_LITERAL_CONVERSION = YES;
				CLANG_WARN_OBJC_ROOT_CLASS = YES_ERROR;
				CLANG_WARN_QUOTED_INCLUDE_IN_FRAMEWORK_HEADER = YES;
				CLANG_WARN_RANGE_LOOP_ANALYSIS = YES;
				CLANG_WARN_STRICT_PROTOTYPES = YES;
				CLANG_WARN_SUSPICIOUS_MOVE = YES;
				CLANG_WARN_UNGUARDED_AVAILABILITY = YES_AGGRESSIVE;
				CLANG_WARN_UNREACHABLE_CODE = YES;
				CLANG_WARN__DUPLICATE_METHOD_MATCH = YES;
				COPY_PHASE_STRIP = NO;
				DEBUG_INFORMATION_FORMAT = "dwarf-with-dsym";
				ENABLE_NS_ASSERTIONS = NO;
				ENABLE_STRICT_OBJC_MSGSEND = YES;
				ENABLE_USER_SCRIPT_SANDBOXING = YES;
				GCC_C_LANGUAGE_STANDARD = gnu17;
				GCC_NO_COMMON_BLOCKS = YES;
				GCC_WARN_64_TO_32_BIT_CONVERSION = YES;
				GCC_WARN_ABOUT_RETURN_TYPE = YES_ERROR;
				GCC_WARN_UNDECLARED_SELECTOR = YES;
				GCC_WARN_UNINITIALIZED_AUTOS = YES_AGGRESSIVE;
				GCC_WARN_UNUSED_FUNCTION = YES;
				GCC_WARN_UNUSED_VARIABLE = YES;
				IPHONEOS_DEPLOYMENT_TARGET = 17.4;
				LOCALIZATION_PREFERS_STRING_CATALOGS = YES;
				MTL_ENABLE_DEBUG_INFO = NO;
				MTL_FAST_MATH = YES;
				SDKROOT = iphoneos;
				SWIFT_COMPILATION_MODE = wholemodule;
				VALIDATE_PRODUCT = YES;
			};
			name = Release;
		};
		C71F4C8C2D9D2FBB00028B72 /* Debug */ = {
			isa = XCBuildConfiguration;
			buildSettings = {
				ASSETCATALOG_COMPILER_APPICON_NAME = AppIcon;
				ASSETCATALOG_COMPILER_GLOBAL_ACCENT_COLOR_NAME = AccentColor;
				CODE_SIGN_STYLE = Automatic;
				CURRENT_PROJECT_VERSION = 1;
				GENERATE_INFOPLIST_FILE = YES;
				INFOPLIST_FILE = CubeHomeWork/Info.plist;
				INFOPLIST_KEY_UIApplicationSupportsIndirectInputEvents = YES;
				INFOPLIST_KEY_UILaunchStoryboardName = LaunchScreen;
				INFOPLIST_KEY_UIMainStoryboardFile = Main;
				INFOPLIST_KEY_UISupportedInterfaceOrientations_iPad = "UIInterfaceOrientationPortrait UIInterfaceOrientationPortraitUpsideDown UIInterfaceOrientationLandscapeLeft UIInterfaceOrientationLandscapeRight";
				INFOPLIST_KEY_UISupportedInterfaceOrientations_iPhone = "UIInterfaceOrientationPortrait UIInterfaceOrientationLandscapeLeft UIInterfaceOrientationLandscapeRight";
				LD_RUNPATH_SEARCH_PATHS = (
					"$(inherited)",
					"@executable_path/Frameworks",
				);
				MARKETING_VERSION = 1.0;
				PRODUCT_BUNDLE_IDENTIFIER = com.YuanDongZheng.CubeHomeWork;
				PRODUCT_NAME = "$(TARGET_NAME)";
				SWIFT_EMIT_LOC_STRINGS = YES;
				SWIFT_VERSION = 5.0;
				TARGETED_DEVICE_FAMILY = "1,2";
			};
			name = Debug;
		};
		C71F4C8D2D9D2FBB00028B72 /* Release */ = {
			isa = XCBuildConfiguration;
			buildSettings = {
				ASSETCATALOG_COMPILER_APPICON_NAME = AppIcon;
				ASSETCATALOG_COMPILER_GLOBAL_ACCENT_COLOR_NAME = AccentColor;
				CODE_SIGN_STYLE = Automatic;
				CURRENT_PROJECT_VERSION = 1;
				GENERATE_INFOPLIST_FILE = YES;
				INFOPLIST_FILE = CubeHomeWork/Info.plist;
				INFOPLIST_KEY_UIApplicationSupportsIndirectInputEvents = YES;
				INFOPLIST_KEY_UILaunchStoryboardName = LaunchScreen;
				INFOPLIST_KEY_UIMainStoryboardFile = Main;
				INFOPLIST_KEY_UISupportedInterfaceOrientations_iPad = "UIInterfaceOrientationPortrait UIInterfaceOrientationPortraitUpsideDown UIInterfaceOrientationLandscapeLeft UIInterfaceOrientationLandscapeRight";
				INFOPLIST_KEY_UISupportedInterfaceOrientations_iPhone = "UIInterfaceOrientationPortrait UIInterfaceOrientationLandscapeLeft UIInterfaceOrientationLandscapeRight";
				LD_RUNPATH_SEARCH_PATHS = (
					"$(inherited)",
					"@executable_path/Frameworks",
				);
				MARKETING_VERSION = 1.0;
				PRODUCT_BUNDLE_IDENTIFIER = com.YuanDongZheng.CubeHomeWork;
				PRODUCT_NAME = "$(TARGET_NAME)";
				SWIFT_EMIT_LOC_STRINGS = YES;
				SWIFT_VERSION = 5.0;
				TARGETED_DEVICE_FAMILY = "1,2";
			};
			name = Release;
		};
		C71F4C8F2D9D2FBB00028B72 /* Debug */ = {
			isa = XCBuildConfiguration;
			buildSettings = {
				ALWAYS_EMBED_SWIFT_STANDARD_LIBRARIES = YES;
				BUNDLE_LOADER = "$(TEST_HOST)";
				CODE_SIGN_STYLE = Automatic;
				CURRENT_PROJECT_VERSION = 1;
				GENERATE_INFOPLIST_FILE = YES;
				IPHONEOS_DEPLOYMENT_TARGET = 17.4;
				MARKETING_VERSION = 1.0;
				PRODUCT_BUNDLE_IDENTIFIER = com.YuanDongZheng.CubeHomeWorkTests;
				PRODUCT_NAME = "$(TARGET_NAME)";
				SWIFT_EMIT_LOC_STRINGS = NO;
				SWIFT_VERSION = 5.0;
				TARGETED_DEVICE_FAMILY = "1,2";
				TEST_HOST = "$(BUILT_PRODUCTS_DIR)/CubeHomeWork.app/$(BUNDLE_EXECUTABLE_FOLDER_PATH)/CubeHomeWork";
			};
			name = Debug;
		};
		C71F4C902D9D2FBB00028B72 /* Release */ = {
			isa = XCBuildConfiguration;
			buildSettings = {
				ALWAYS_EMBED_SWIFT_STANDARD_LIBRARIES = YES;
				BUNDLE_LOADER = "$(TEST_HOST)";
				CODE_SIGN_STYLE = Automatic;
				CURRENT_PROJECT_VERSION = 1;
				GENERATE_INFOPLIST_FILE = YES;
				IPHONEOS_DEPLOYMENT_TARGET = 17.4;
				MARKETING_VERSION = 1.0;
				PRODUCT_BUNDLE_IDENTIFIER = com.YuanDongZheng.CubeHomeWorkTests;
				PRODUCT_NAME = "$(TARGET_NAME)";
				SWIFT_EMIT_LOC_STRINGS = NO;
				SWIFT_VERSION = 5.0;
				TARGETED_DEVICE_FAMILY = "1,2";
				TEST_HOST = "$(BUILT_PRODUCTS_DIR)/CubeHomeWork.app/$(BUNDLE_EXECUTABLE_FOLDER_PATH)/CubeHomeWork";
			};
			name = Release;
		};
		C71F4C922D9D2FBB00028B72 /* Debug */ = {
			isa = XCBuildConfiguration;
			buildSettings = {
				ALWAYS_EMBED_SWIFT_STANDARD_LIBRARIES = YES;
				CODE_SIGN_STYLE = Automatic;
				CURRENT_PROJECT_VERSION = 1;
				GENERATE_INFOPLIST_FILE = YES;
				MARKETING_VERSION = 1.0;
				PRODUCT_BUNDLE_IDENTIFIER = com.YuanDongZheng.CubeHomeWorkUITests;
				PRODUCT_NAME = "$(TARGET_NAME)";
				SWIFT_EMIT_LOC_STRINGS = NO;
				SWIFT_VERSION = 5.0;
				TARGETED_DEVICE_FAMILY = "1,2";
				TEST_TARGET_NAME = CubeHomeWork;
			};
			name = Debug;
		};
		C71F4C932D9D2FBB00028B72 /* Release */ = {
			isa = XCBuildConfiguration;
			buildSettings = {
				ALWAYS_EMBED_SWIFT_STANDARD_LIBRARIES = YES;
				CODE_SIGN_STYLE = Automatic;
				CURRENT_PROJECT_VERSION = 1;
				GENERATE_INFOPLIST_FILE = YES;
				MARKETING_VERSION = 1.0;
				PRODUCT_BUNDLE_IDENTIFIER = com.YuanDongZheng.CubeHomeWorkUITests;
				PRODUCT_NAME = "$(TARGET_NAME)";
				SWIFT_EMIT_LOC_STRINGS = NO;
				SWIFT_VERSION = 5.0;
				TARGETED_DEVICE_FAMILY = "1,2";
				TEST_TARGET_NAME = CubeHomeWork;
			};
			name = Release;
		};
/* End XCBuildConfiguration section */

/* Begin XCConfigurationList section */
		C71F4C592D9D2FB900028B72 /* Build configuration list for PBXProject "CubeHomeWork" */ = {
			isa = XCConfigurationList;
			buildConfigurations = (
				C71F4C892D9D2FBB00028B72 /* Debug */,
				C71F4C8A2D9D2FBB00028B72 /* Release */,
			);
			defaultConfigurationIsVisible = 0;
			defaultConfigurationName = Release;
		};
		C71F4C8B2D9D2FBB00028B72 /* Build configuration list for PBXNativeTarget "CubeHomeWork" */ = {
			isa = XCConfigurationList;
			buildConfigurations = (
				C71F4C8C2D9D2FBB00028B72 /* Debug */,
				C71F4C8D2D9D2FBB00028B72 /* Release */,
			);
			defaultConfigurationIsVisible = 0;
			defaultConfigurationName = Release;
		};
		C71F4C8E2D9D2FBB00028B72 /* Build configuration list for PBXNativeTarget "CubeHomeWorkTests" */ = {
			isa = XCConfigurationList;
			buildConfigurations = (
				C71F4C8F2D9D2FBB00028B72 /* Debug */,
				C71F4C902D9D2FBB00028B72 /* Release */,
			);
			defaultConfigurationIsVisible = 0;
			defaultConfigurationName = Release;
		};
		C71F4C912D9D2FBB00028B72 /* Build configuration list for PBXNativeTarget "CubeHomeWorkUITests" */ = {
			isa = XCConfigurationList;
			buildConfigurations = (
				C71F4C922D9D2FBB00028B72 /* Debug */,
				C71F4C932D9D2FBB00028B72 /* Release */,
			);
			defaultConfigurationIsVisible = 0;
			defaultConfigurationName = Release;
		};
/* End XCConfigurationList section */

/* Begin XCRemoteSwiftPackageReference section */
		C71F4C942D9D5A8800028B72 /* XCRemoteSwiftPackageReference "SnapKit" */ = {
			isa = XCRemoteSwiftPackageReference;
			repositoryURL = "https://github.com/SnapKit/SnapKit.git";
			requirement = {
				kind = upToNextMajorVersion;
				minimumVersion = 5.7.1;
			};
		};
		C71F4CC02DA1428900028B72 /* XCRemoteSwiftPackageReference "MJRefresh" */ = {
			isa = XCRemoteSwiftPackageReference;
			repositoryURL = "https://github.com/CoderMJLee/MJRefresh";
			requirement = {
				kind = upToNextMajorVersion;
				minimumVersion = 3.7.9;
			};
		};
/* End XCRemoteSwiftPackageReference section */

/* Begin XCSwiftPackageProductDependency section */
		C71F4C952D9D5A8800028B72 /* SnapKit */ = {
			isa = XCSwiftPackageProductDependency;
			package = C71F4C942D9D5A8800028B72 /* XCRemoteSwiftPackageReference "SnapKit" */;
			productName = SnapKit;
		};
		C71F4CC12DA1428900028B72 /* MJRefresh */ = {
			isa = XCSwiftPackageProductDependency;
			package = C71F4CC02DA1428900028B72 /* XCRemoteSwiftPackageReference "MJRefresh" */;
			productName = MJRefresh;
		};
/* End XCSwiftPackageProductDependency section */

/* Begin XCVersionGroup section */
		C71F4C6A2D9D2FBA00028B72 /* CubeHomeWork.xcdatamodeld */ = {
			isa = XCVersionGroup;
			children = (
				C71F4C6B2D9D2FBA00028B72 /* CubeHomeWork.xcdatamodel */,
			);
			currentVersion = C71F4C6B2D9D2FBA00028B72 /* CubeHomeWork.xcdatamodel */;
			path = CubeHomeWork.xcdatamodeld;
			sourceTree = "<group>";
			versionGroupType = wrapper.xcdatamodel;
		};
/* End XCVersionGroup section */
	};
	rootObject = C71F4C562D9D2FB900028B72 /* Project object */;
}
